
Microsoft Visual Studio Solution File, Format Version 12.00
# Visual Studio Version 17
VisualStudioVersion = 17.5.002.0
MinimumVisualStudioVersion = 10.0.40219.1
Project("{9A19103F-16F7-4668-BE54-9A1E7A4F7556}") = "orders-backend", "Backend\orders-backend.csproj", "{ABBAAF8D-02C7-47BD-8DBB-22CE3BE0F2AE}"
EndProject
Global
	GlobalSection(SolutionConfigurationPlatforms) = preSolution
		Debug|Any CPU = Debug|Any CPU
		Release|Any CPU = Release|Any CPU
	EndGlobalSection
	GlobalSection(ProjectConfigurationPlatforms) = postSolution
		{ABBAAF8D-02C7-47BD-8DBB-22CE3BE0F2AE}.Debug|Any CPU.ActiveCfg = Debug|Any CPU
		{ABBAAF8D-02C7-47BD-8DBB-22CE3BE0F2AE}.Debug|Any CPU.Build.0 = Debug|Any CPU
		{ABBAAF8D-02C7-47BD-8DBB-22CE3BE0F2AE}.Release|Any CPU.ActiveCfg = Release|Any CPU
		{ABBAAF8D-02C7-47BD-8DBB-22CE3BE0F2AE}.Release|Any CPU.Build.0 = Release|Any CPU
	EndGlobalSection
	GlobalSection(SolutionProperties) = preSolution
		HideSolutionNode = FALSE
	EndGlobalSection
	GlobalSection(ExtensibilityGlobals) = postSolution
		SolutionGuid = {F557616D-7C8A-4CFC-BFEF-F9F3B3CDB7A7}
	EndGlobalSection
EndGlobal
